{
  "nodes": {
    "cpu-microcodes": {
      "flake": false,
      "locked": {
        "lastModified": 1758484353,
        "narHash": "sha256-zpbmZqUIhmTW01PunE5eXkYzQsMDqOOshr/KjNXeL7A=",
        "owner": "platomav",
        "repo": "CPUMicrocodes",
        "rev": "518e82e753bbd7df44264cac38dc98e6a4ede8c6",
        "type": "github"
      },
      "original": {
        "owner": "platomav",
        "repo": "CPUMicrocodes",
        "rev": "518e82e753bbd7df44264cac38dc98e6a4ede8c6",
        "type": "github"
      }
    },
    "erosanix": {
      "inputs": {
        "flake-compat": "flake-compat",
        "nixpkgs": "nixpkgs"
      },
      "locked": {
        "lastModified": 1759842236,
        "narHash": "sha256-JNFyiEDo1wS+mjNAEM8Q2jjvHQzQt+3hnuP1srIdFeM=",
        "owner": "emmanuelrosa",
        "repo": "erosanix",
        "rev": "df8a29239b2459d6ee7373be8133d9aa7d6f6d1a",
        "type": "github"
      },
      "original": {
        "owner": "emmanuelrosa",
        "repo": "erosanix",
        "type": "github"
      }
    },
    "flake-compat": {
      "flake": false,
      "locked": {
        "lastModified": 1673956053,
        "narHash": "sha256-4gtG9iQuiKITOjNQQeQIpoIB6b16fm+504Ch3sNKLd8=",
        "owner": "edolstra",
        "repo": "flake-compat",
        "rev": "35bb57c0c8d8b62bbfd284272c928ceb64ddbde9",
        "type": "github"
      },
      "original": {
        "owner": "edolstra",
        "repo": "flake-compat",
        "type": "github"
      }
    },
    "home-manager": {
      "inputs": {
        "nixpkgs": [
          "nixpkgs"
        ]
      },
      "locked": {
        "lastModified": 1758463745,
        "narHash": "sha256-uhzsV0Q0I9j2y/rfweWeGif5AWe0MGrgZ/3TjpDYdGA=",
        "owner": "nix-community",
        "repo": "home-manager",
        "rev": "3b955f5f0a942f9f60cdc9cacb7844335d0f21c3",
        "type": "github"
      },
      "original": {
        "owner": "nix-community",
        "ref": "release-25.05",
        "repo": "home-manager",
        "type": "github"
      }
    },
    "nixhardware": {
      "locked": {
        "lastModified": 1760106635,
        "narHash": "sha256-2GoxVaKWTHBxRoeUYSjv0AfSOx4qw5CWSFz2b+VolKU=",
        "owner": "nixos",
        "repo": "nixos-hardware",
        "rev": "9ed85f8afebf2b7478f25db0a98d0e782c0ed903",
        "type": "github"
      },
      "original": {
        "owner": "nixos",
        "repo": "nixos-hardware",
        "type": "github"
      }
    },
    "nixpkgs": {
      "locked": {
        "lastModified": 1759360550,
        "narHash": "sha256-feL8xklo97a8o8ISOszUU2tfHskJdu3zKbpcltzSblw=",
        "owner": "NixOS",
        "repo": "nixpkgs",
        "rev": "28b8fe20c34f94a537f71950a9b0c1dc7224d036",
        "type": "github"
      },
      "original": {
        "owner": "NixOS",
        "ref": "master",
        "repo": "nixpkgs",
        "type": "github"
      }
    },
    "nixpkgs-unstable": {
      "locked": {
        "lastModified": 1760038930,
        "narHash": "sha256-Oncbh0UmHjSlxO7ErQDM3KM0A5/Znfofj2BSzlHLeVw=",
        "owner": "NixOS",
        "repo": "nixpkgs",
        "rev": "0b4defa2584313f3b781240b29d61f6f9f7e0df3",
        "type": "github"
      },
      "original": {
        "owner": "NixOS",
        "ref": "nixos-unstable",
        "repo": "nixpkgs",
        "type": "github"
      }
    },
    "nixpkgs_2": {
      "locked": {
        "lastModified": 1759994382,
        "narHash": "sha256-wSK+3UkalDZRVHGCRikZ//CyZUJWDJkBDTQX1+G77Ow=",
        "owner": "NixOS",
        "repo": "nixpkgs",
        "rev": "5da4a26309e796daa7ffca72df93dbe53b8164c7",
        "type": "github"
      },
      "original": {
        "owner": "NixOS",
        "ref": "nixos-25.05",
        "repo": "nixpkgs",
        "type": "github"
      }
    },
    "plasma-manager": {
      "inputs": {
        "home-manager": [
          "home-manager"
        ],
        "nixpkgs": [
          "nixpkgs"
        ]
      },
      "locked": {
        "lastModified": 1759321049,
        "narHash": "sha256-8XkU4gIrLT2DJZWQyvsP5woXGZF5eE/7AnKfwQkiwYU=",
        "owner": "nix-community",
        "repo": "plasma-manager",
        "rev": "205dcfd4a30d4a5d1b4f28defee69daa7c7252cd",
        "type": "github"
      },
      "original": {
        "owner": "nix-community",
        "repo": "plasma-manager",
        "type": "github"
      }
    },
    "root": {
      "inputs": {
        "erosanix": "erosanix",
        "home-manager": "home-manager",
        "nixhardware": "nixhardware",
        "nixpkgs": "nixpkgs_2",
        "nixpkgs-unstable": "nixpkgs-unstable",
        "plasma-manager": "plasma-manager",
        "secrets": "secrets",
        "sops-nix": "sops-nix",
        "ucodenix": "ucodenix"
      }
    },
    "secrets": {
      "locked": {
        "lastModified": 1758559734,
        "narHash": "sha256-LmG4qFeToywvtPxs85KgL00SgGybv9e/lr+0EzgYpxk=",
        "ref": "refs/heads/main",
        "rev": "d011f140683fd8c1cdaef5952a2038455dc88e5f",
        "revCount": 1,
        "type": "git",
        "url": "ssh://git@github.com/nullbytepl/.nixsecrets.git"
      },
      "original": {
        "type": "git",
        "url": "ssh://git@github.com/nullbytepl/.nixsecrets.git"
      }
    },
    "sops-nix": {
      "inputs": {
        "nixpkgs": [
          "nixpkgs"
        ]
      },
      "locked": {
        "lastModified": 1760240450,
        "narHash": "sha256-sa9bS9jSyc4vH0jSWrUsPGdqtMvDwmkLg971ntWOo2U=",
        "owner": "Mic92",
        "repo": "sops-nix",
        "rev": "41fd1f7570c89f645ee0ada0be4e2d3c4b169549",
        "type": "github"
      },
      "original": {
        "owner": "Mic92",
        "repo": "sops-nix",
        "type": "github"
      }
    },
    "ucodenix": {
      "inputs": {
        "cpu-microcodes": "cpu-microcodes"
      },
      "locked": {
        "lastModified": 1758553579,
        "narHash": "sha256-/p9ID64/5G988NDPvfRSjgbV8GdfvJ2el9kz71nrRnU=",
        "owner": "e-tho",
        "repo": "ucodenix",
        "rev": "ba7f0a366460e0fbea9622fc770cb982be0e4720",
        "type": "github"
      },
      "original": {
        "owner": "e-tho",
        "repo": "ucodenix",
        "rev": "ba7f0a366460e0fbea9622fc770cb982be0e4720",
        "type": "github"
      }
    }
  },
  "root": "root",
  "version": 7
}
